Microsoft Visual Studio Solution File, Format Version 12.00
# Visual Studio Version 17
VisualStudioVersion = 17.5.2.0
MinimumVisualStudioVersion = 10.0.40219.1
Project("{FAE04EC0-301F-11D3-BF4B-00C04F79EFBC}") = "DemoMVC148", "DemoMVC148\DemoMVC148.csproj", "{4C0EDD84-677B-01C3-9389-21D9610EC905}"
EndProject
Global
	GlobalSection(SolutionConfigurationPlatforms) = preSolution
		Debug|Any CPU = Debug|Any CPU
		Release|Any CPU = Release|Any CPU
	EndGlobalSection
	GlobalSection(ProjectConfigurationPlatforms) = postSolution
		{4C0EDD84-677B-01C3-9389-21D9610EC905}.Debug|Any CPU.ActiveCfg = Debug|Any CPU
		{4C0EDD84-677B-01C3-9389-21D9610EC905}.Debug|Any CPU.Build.0 = Debug|Any CPU
		{4C0EDD84-677B-01C3-9389-21D9610EC905}.Release|Any CPU.ActiveCfg = Release|Any CPU
		{4C0EDD84-677B-01C3-9389-21D9610EC905}.Release|Any CPU.Build.0 = Release|Any CPU
	EndGlobalSection
	GlobalSection(SolutionProperties) = preSolution
		HideSolutionNode = FALSE
	EndGlobalSection
	GlobalSection(ExtensibilityGlobals) = postSolution
		SolutionGuid = {8B88D0D5-C2A2-4A78-A1B1-A139785083C3}
	EndGlobalSection
EndGlobal
