Microsoft Visual Studio Solution File, Format Version 12.00
# Visual Studio Version 17
VisualStudioVersion = 17.5.2.0
MinimumVisualStudioVersion = 10.0.40219.1
Project("{FAE04EC0-301F-11D3-BF4B-00C04F79EFBC}") = "DemoMVC148", "DemoMVC148.csproj", "{CF022539-CCC4-636D-A9DC-9EB33C5D806E}"
EndProject
Global
	GlobalSection(SolutionConfigurationPlatforms) = preSolution
		Debug|Any CPU = Debug|Any CPU
		Release|Any CPU = Release|Any CPU
	EndGlobalSection
	GlobalSection(ProjectConfigurationPlatforms) = postSolution
		{CF022539-CCC4-636D-A9DC-9EB33C5D806E}.Debug|Any CPU.ActiveCfg = Debug|Any CPU
		{CF022539-CCC4-636D-A9DC-9EB33C5D806E}.Debug|Any CPU.Build.0 = Debug|Any CPU
		{CF022539-CCC4-636D-A9DC-9EB33C5D806E}.Release|Any CPU.ActiveCfg = Release|Any CPU
		{CF022539-CCC4-636D-A9DC-9EB33C5D806E}.Release|Any CPU.Build.0 = Release|Any CPU
	EndGlobalSection
	GlobalSection(SolutionProperties) = preSolution
		HideSolutionNode = FALSE
	EndGlobalSection
	GlobalSection(ExtensibilityGlobals) = postSolution
		SolutionGuid = {4EF22ACB-A9F7-43D1-B289-C17554CCA3E9}
	EndGlobalSection
EndGlobal
